{
  "name": "sample-algolia",
  "version": "0.0.1",
  "lockfileVersion": 1,
  "requires": true,
  "dependencies": {
    "@algolia/cache-browser-local-storage": {
      "version": "4.13.1",
      "resolved": "https://registry.npmjs.org/@algolia/cache-browser-local-storage/-/cache-browser-local-storage-4.13.1.tgz",
      "integrity": "sha512-UAUVG2PEfwd/FfudsZtYnidJ9eSCpS+LW9cQiesePQLz41NAcddKxBak6eP2GErqyFagSlnVXe/w2E9h2m2ttg==",
      "dev": true,
      "requires": {
        "@algolia/cache-common": "4.13.1"
      }
    },
    "@algolia/cache-common": {
      "version": "4.13.1",
      "resolved": "https://registry.npmjs.org/@algolia/cache-common/-/cache-common-4.13.1.tgz",
      "integrity": "sha512-7Vaf6IM4L0Jkl3sYXbwK+2beQOgVJ0mKFbz/4qSxKd1iy2Sp77uTAazcX+Dlexekg1fqGUOSO7HS4Sx47ZJmjA==",
      "dev": true
    },
    "@algolia/cache-in-memory": {
      "version": "4.13.1",
      "resolved": "https://registry.npmjs.org/@algolia/cache-in-memory/-/cache-in-memory-4.13.1.tgz",
      "integrity": "sha512-pZzybCDGApfA/nutsFK1P0Sbsq6fYJU3DwIvyKg4pURerlJM4qZbB9bfLRef0FkzfQu7W11E4cVLCIOWmyZeuQ==",
      "dev": true,
      "requires": {
        "@algolia/cache-common": "4.13.1"
      }
    },
    "@algolia/client-account": {
      "version": "4.13.1",
      "resolved": "https://registry.npmjs.org/@algolia/client-account/-/client-account-4.13.1.tgz",
      "integrity": "sha512-TFLiZ1KqMiir3FNHU+h3b0MArmyaHG+eT8Iojio6TdpeFcAQ1Aiy+2gb3SZk3+pgRJa/BxGmDkRUwE5E/lv3QQ==",
      "dev": true,
      "requires": {
        "@algolia/client-common": "4.13.1",
        "@algolia/client-search": "4.13.1",
        "@algolia/transporter": "4.13.1"
      }
    },
    "@algolia/client-analytics": {
      "version": "4.13.1",
      "resolved": "https://registry.npmjs.org/@algolia/client-analytics/-/client-analytics-4.13.1.tgz",
      "integrity": "sha512-iOS1JBqh7xaL5x00M5zyluZ9+9Uy9GqtYHv/2SMuzNW1qP7/0doz1lbcsP3S7KBbZANJTFHUOfuqyRLPk91iFA==",
      "dev": true,
      "requires": {
        "@algolia/client-common": "4.13.1",
        "@algolia/client-search": "4.13.1",
        "@algolia/requester-common": "4.13.1",
        "@algolia/transporter": "4.13.1"
      }
    },
    "@algolia/client-common": {
      "version": "4.13.1",
      "resolved": "https://registry.npmjs.org/@algolia/client-common/-/client-common-4.13.1.tgz",
      "integrity": "sha512-LcDoUE0Zz3YwfXJL6lJ2OMY2soClbjrrAKB6auYVMNJcoKZZ2cbhQoFR24AYoxnGUYBER/8B+9sTBj5bj/Gqbg==",
      "dev": true,
      "requires": {
        "@algolia/requester-common": "4.13.1",
        "@algolia/transporter": "4.13.1"
      }
    },
    "@algolia/client-personalization": {
      "version": "4.13.1",
      "resolved": "https://registry.npmjs.org/@algolia/client-personalization/-/client-personalization-4.13.1.tgz",
      "integrity": "sha512-1CqrOW1ypVrB4Lssh02hP//YxluoIYXAQCpg03L+/RiXJlCs+uIqlzC0ctpQPmxSlTK6h07kr50JQoYH/TIM9w==",
      "dev": true,
      "requires": {
        "@algolia/client-common": "4.13.1",
        "@algolia/requester-common": "4.13.1",
        "@algolia/transporter": "4.13.1"
      }
    },
    "@algolia/client-search": {
      "version": "4.13.1",
      "resolved": "https://registry.npmjs.org/@algolia/client-search/-/client-search-4.13.1.tgz",
      "integrity": "sha512-YQKYA83MNRz3FgTNM+4eRYbSmHi0WWpo019s5SeYcL3HUan/i5R09VO9dk3evELDFJYciiydSjbsmhBzbpPP2A==",
      "dev": true,
      "requires": {
        "@algolia/client-common": "4.13.1",
        "@algolia/requester-common": "4.13.1",
        "@algolia/transporter": "4.13.1"
      }
    },
    "@algolia/logger-common": {
      "version": "4.13.1",
      "resolved": "https://registry.npmjs.org/@algolia/logger-common/-/logger-common-4.13.1.tgz",
      "integrity": "sha512-L6slbL/OyZaAXNtS/1A8SAbOJeEXD5JcZeDCPYDqSTYScfHu+2ePRTDMgUTY4gQ7HsYZ39N1LujOd8WBTmM2Aw==",
      "dev": true
    },
    "@algolia/logger-console": {
      "version": "4.13.1",
      "resolved": "https://registry.npmjs.org/@algolia/logger-console/-/logger-console-4.13.1.tgz",
      "integrity": "sha512-7jQOTftfeeLlnb3YqF8bNgA2GZht7rdKkJ31OCeSH2/61haO0tWPoNRjZq9XLlgMQZH276pPo0NdiArcYPHjCA==",
      "dev": true,
      "requires": {
        "@algolia/logger-common": "4.13.1"
      }
    },
    "@algolia/requester-browser-xhr": {
      "version": "4.13.1",
      "resolved": "https://registry.npmjs.org/@algolia/requester-browser-xhr/-/requester-browser-xhr-4.13.1.tgz",
      "integrity": "sha512-oa0CKr1iH6Nc7CmU6RE7TnXMjHnlyp7S80pP/LvZVABeJHX3p/BcSCKovNYWWltgTxUg0U1o+2uuy8BpMKljwA==",
      "dev": true,
      "requires": {
        "@algolia/requester-common": "4.13.1"
      }
    },
    "@algolia/requester-common": {
      "version": "4.13.1",
      "resolved": "https://registry.npmjs.org/@algolia/requester-common/-/requester-common-4.13.1.tgz",
      "integrity": "sha512-eGVf0ID84apfFEuXsaoSgIxbU3oFsIbz4XiotU3VS8qGCJAaLVUC5BUJEkiFENZIhon7hIB4d0RI13HY4RSA+w==",
      "dev": true
    },
    "@algolia/requester-node-http": {
      "version": "4.13.1",
      "resolved": "https://registry.npmjs.org/@algolia/requester-node-http/-/requester-node-http-4.13.1.tgz",
      "integrity": "sha512-7C0skwtLdCz5heKTVe/vjvrqgL/eJxmiEjHqXdtypcE5GCQCYI15cb+wC4ytYioZDMiuDGeVYmCYImPoEgUGPw==",
      "dev": true,
      "requires": {
        "@algolia/requester-common": "4.13.1"
      }
    },
    "@algolia/transporter": {
      "version": "4.13.1",
      "resolved": "https://registry.npmjs.org/@algolia/transporter/-/transporter-4.13.1.tgz",
      "integrity": "sha512-pICnNQN7TtrcYJqqPEXByV8rJ8ZRU2hCiIKLTLRyNpghtQG3VAFk6fVtdzlNfdUGZcehSKGarPIZEHlQXnKjgw==",
      "dev": true,
      "requires": {
        "@algolia/cache-common": "4.13.1",
        "@algolia/logger-common": "4.13.1",
        "@algolia/requester-common": "4.13.1"
      }
    },
    "algoliasearch": {
      "version": "4.13.1",
      "resolved": "https://registry.npmjs.org/algoliasearch/-/algoliasearch-4.13.1.tgz",
      "integrity": "sha512-dtHUSE0caWTCE7liE1xaL+19AFf6kWEcyn76uhcitWpntqvicFHXKFoZe5JJcv9whQOTRM6+B8qJz6sFj+rDJA==",
      "dev": true,
      "requires": {
        "@algolia/cache-browser-local-storage": "4.13.1",
        "@algolia/cache-common": "4.13.1",
        "@algolia/cache-in-memory": "4.13.1",
        "@algolia/client-account": "4.13.1",
        "@algolia/client-analytics": "4.13.1",
        "@algolia/client-common": "4.13.1",
        "@algolia/client-personalization": "4.13.1",
        "@algolia/client-search": "4.13.1",
        "@algolia/logger-common": "4.13.1",
        "@algolia/logger-console": "4.13.1",
        "@algolia/requester-browser-xhr": "4.13.1",
        "@algolia/requester-common": "4.13.1",
        "@algolia/requester-node-http": "4.13.1",
        "@algolia/transporter": "4.13.1"
      }
    },
    "dotenv": {
      "version": "10.0.0",
      "resolved": "https://registry.npmjs.org/dotenv/-/dotenv-10.0.0.tgz",
      "integrity": "sha512-rlBi9d8jpv9Sf1klPjNfFAuWDjKLwTIJJ/VxtoTwIR6hnZxcEOQCZg2oIL3MWBYw5GpUDKOEnND7LXTbIpQ03Q==",
      "dev": true
    },
    "stream-chain": {
      "version": "2.2.5",
      "resolved": "https://registry.npmjs.org/stream-chain/-/stream-chain-2.2.5.tgz",
      "integrity": "sha512-1TJmBx6aSWqZ4tx7aTpBDXK0/e2hhcNSTV8+CbFJtDjbb+I1mZ8lHit0Grw9GRT+6JbIrrDd8esncgBi8aBXGA==",
      "dev": true
    },
    "stream-json": {
      "version": "1.7.4",
      "resolved": "https://registry.npmjs.org/stream-json/-/stream-json-1.7.4.tgz",
      "integrity": "sha512-ja2dde1v7dOlx5/vmavn8kLrxvNfs7r2oNc5DYmNJzayDDdudyCSuTB1gFjH4XBVTIwxiMxL4i059HX+ZiouXg==",
      "dev": true,
      "requires": {
        "stream-chain": "^2.2.5"
      }
    }
  }
}
